
Microsoft Visual Studio Solution File, Format Version 12.00
# Visual Studio 14
VisualStudioVersion = 14.0.25420.1
MinimumVisualStudioVersion = 10.0.40219.1
Project("{FAE04EC0-301F-11D3-BF4B-00C04F79EFBC}") = "STM32f4NetMfLib", "STM32f4NetMfLib\STM32f4NetMfLib.csproj", "{E5444568-7B26-4C78-9062-3D5F04D44BC3}"
EndProject
Project("{2150E333-8FDC-42A3-9474-1A3956D46DE8}") = "Tests", "Tests", "{CDC98B99-42CA-4BB7-B8CD-A0EE7585BBDD}"
EndProject
Project("{FAE04EC0-301F-11D3-BF4B-00C04F79EFBC}") = "Pcf8574LCD1602Test", "Pcf8574LCD1602Test\Pcf8574LCD1602Test.csproj", "{6740B215-DD7E-4C61-9106-BF6F7DC43647}"
EndProject
Global
	GlobalSection(SolutionConfigurationPlatforms) = preSolution
		Debug|Any CPU = Debug|Any CPU
		Release|Any CPU = Release|Any CPU
	EndGlobalSection
	GlobalSection(ProjectConfigurationPlatforms) = postSolution
		{E5444568-7B26-4C78-9062-3D5F04D44BC3}.Debug|Any CPU.ActiveCfg = Debug|Any CPU
		{E5444568-7B26-4C78-9062-3D5F04D44BC3}.Debug|Any CPU.Build.0 = Debug|Any CPU
		{E5444568-7B26-4C78-9062-3D5F04D44BC3}.Release|Any CPU.ActiveCfg = Release|Any CPU
		{E5444568-7B26-4C78-9062-3D5F04D44BC3}.Release|Any CPU.Build.0 = Release|Any CPU
		{6740B215-DD7E-4C61-9106-BF6F7DC43647}.Debug|Any CPU.ActiveCfg = Debug|Any CPU
		{6740B215-DD7E-4C61-9106-BF6F7DC43647}.Debug|Any CPU.Build.0 = Debug|Any CPU
		{6740B215-DD7E-4C61-9106-BF6F7DC43647}.Debug|Any CPU.Deploy.0 = Debug|Any CPU
		{6740B215-DD7E-4C61-9106-BF6F7DC43647}.Release|Any CPU.ActiveCfg = Release|Any CPU
		{6740B215-DD7E-4C61-9106-BF6F7DC43647}.Release|Any CPU.Build.0 = Release|Any CPU
		{6740B215-DD7E-4C61-9106-BF6F7DC43647}.Release|Any CPU.Deploy.0 = Release|Any CPU
	EndGlobalSection
	GlobalSection(SolutionProperties) = preSolution
		HideSolutionNode = FALSE
	EndGlobalSection
	GlobalSection(NestedProjects) = preSolution
		{6740B215-DD7E-4C61-9106-BF6F7DC43647} = {CDC98B99-42CA-4BB7-B8CD-A0EE7585BBDD}
	EndGlobalSection
EndGlobal
