
Microsoft Visual Studio Solution File, Format Version 12.00
# Visual Studio 14
VisualStudioVersion = 14.0.25420.1
MinimumVisualStudioVersion = 10.0.40219.1
Project("{FAE04EC0-301F-11D3-BF4B-00C04F79EFBC}") = "STM32f4NetMfLib", "STM32f4NetMfLib\STM32f4NetMfLib.csproj", "{E5444568-7B26-4C78-9062-3D5F04D44BC3}"
EndProject
Project("{2150E333-8FDC-42A3-9474-1A3956D46DE8}") = "Tests", "Tests", "{CDC98B99-42CA-4BB7-B8CD-A0EE7585BBDD}"
EndProject
Project("{FAE04EC0-301F-11D3-BF4B-00C04F79EFBC}") = "Pcf8574LCD1602Test", "Pcf8574LCD1602Test\Pcf8574LCD1602Test.csproj", "{6740B215-DD7E-4C61-9106-BF6F7DC43647}"
EndProject
Project("{FAE04EC0-301F-11D3-BF4B-00C04F79EFBC}") = "KeyBoardMatrixTest", "KeyBoardMatrixTest\KeyBoardMatrixTest.csproj", "{2F5ACEA8-02DB-4DEB-AB53-04E866A5256E}"
EndProject
Project("{FAE04EC0-301F-11D3-BF4B-00C04F79EFBC}") = "Esp8266WifiTest", "Esp8266WifiTest\Esp8266WifiTest.csproj", "{156CD2B3-F0AC-4787-8545-EF14D0CBC50C}"
EndProject
Project("{FAE04EC0-301F-11D3-BF4B-00C04F79EFBC}") = "LCDili9341Test", "LCDili9341Test\LCDili9341Test.csproj", "{111FEA1E-5269-43C6-9BFA-5951C2F10BB2}"
EndProject
Project("{FAE04EC0-301F-11D3-BF4B-00C04F79EFBC}") = "EEPROMAT24C32Test", "EEPROMAT24C32Test\EEPROMAT24C32Test.csproj", "{CF236E8F-7C39-4C17-BEBC-BDDE8D503284}"
EndProject
Project("{FAE04EC0-301F-11D3-BF4B-00C04F79EFBC}") = "JsonTest", "JsonTest\JsonTest.csproj", "{9F46BBE7-950A-4138-BF4F-8550277ED2CF}"
EndProject
Project("{FAE04EC0-301F-11D3-BF4B-00C04F79EFBC}") = "BasicDeviceOne", "BasicDeviceOne\BasicDeviceOne.csproj", "{75259A4F-C624-4A14-9E54-CB4FEE12CC87}"
EndProject
Global
	GlobalSection(SolutionConfigurationPlatforms) = preSolution
		Debug|Any CPU = Debug|Any CPU
		Release|Any CPU = Release|Any CPU
	EndGlobalSection
	GlobalSection(ProjectConfigurationPlatforms) = postSolution
		{E5444568-7B26-4C78-9062-3D5F04D44BC3}.Debug|Any CPU.ActiveCfg = Debug|Any CPU
		{E5444568-7B26-4C78-9062-3D5F04D44BC3}.Debug|Any CPU.Build.0 = Debug|Any CPU
		{E5444568-7B26-4C78-9062-3D5F04D44BC3}.Release|Any CPU.ActiveCfg = Release|Any CPU
		{E5444568-7B26-4C78-9062-3D5F04D44BC3}.Release|Any CPU.Build.0 = Release|Any CPU
		{6740B215-DD7E-4C61-9106-BF6F7DC43647}.Debug|Any CPU.ActiveCfg = Debug|Any CPU
		{6740B215-DD7E-4C61-9106-BF6F7DC43647}.Debug|Any CPU.Build.0 = Debug|Any CPU
		{6740B215-DD7E-4C61-9106-BF6F7DC43647}.Debug|Any CPU.Deploy.0 = Debug|Any CPU
		{6740B215-DD7E-4C61-9106-BF6F7DC43647}.Release|Any CPU.ActiveCfg = Release|Any CPU
		{6740B215-DD7E-4C61-9106-BF6F7DC43647}.Release|Any CPU.Build.0 = Release|Any CPU
		{6740B215-DD7E-4C61-9106-BF6F7DC43647}.Release|Any CPU.Deploy.0 = Release|Any CPU
		{2F5ACEA8-02DB-4DEB-AB53-04E866A5256E}.Debug|Any CPU.ActiveCfg = Debug|Any CPU
		{2F5ACEA8-02DB-4DEB-AB53-04E866A5256E}.Debug|Any CPU.Build.0 = Debug|Any CPU
		{2F5ACEA8-02DB-4DEB-AB53-04E866A5256E}.Debug|Any CPU.Deploy.0 = Debug|Any CPU
		{2F5ACEA8-02DB-4DEB-AB53-04E866A5256E}.Release|Any CPU.ActiveCfg = Release|Any CPU
		{2F5ACEA8-02DB-4DEB-AB53-04E866A5256E}.Release|Any CPU.Build.0 = Release|Any CPU
		{2F5ACEA8-02DB-4DEB-AB53-04E866A5256E}.Release|Any CPU.Deploy.0 = Release|Any CPU
		{156CD2B3-F0AC-4787-8545-EF14D0CBC50C}.Debug|Any CPU.ActiveCfg = Debug|Any CPU
		{156CD2B3-F0AC-4787-8545-EF14D0CBC50C}.Debug|Any CPU.Build.0 = Debug|Any CPU
		{156CD2B3-F0AC-4787-8545-EF14D0CBC50C}.Debug|Any CPU.Deploy.0 = Debug|Any CPU
		{156CD2B3-F0AC-4787-8545-EF14D0CBC50C}.Release|Any CPU.ActiveCfg = Release|Any CPU
		{156CD2B3-F0AC-4787-8545-EF14D0CBC50C}.Release|Any CPU.Build.0 = Release|Any CPU
		{156CD2B3-F0AC-4787-8545-EF14D0CBC50C}.Release|Any CPU.Deploy.0 = Release|Any CPU
		{111FEA1E-5269-43C6-9BFA-5951C2F10BB2}.Debug|Any CPU.ActiveCfg = Debug|Any CPU
		{111FEA1E-5269-43C6-9BFA-5951C2F10BB2}.Debug|Any CPU.Build.0 = Debug|Any CPU
		{111FEA1E-5269-43C6-9BFA-5951C2F10BB2}.Debug|Any CPU.Deploy.0 = Debug|Any CPU
		{111FEA1E-5269-43C6-9BFA-5951C2F10BB2}.Release|Any CPU.ActiveCfg = Release|Any CPU
		{111FEA1E-5269-43C6-9BFA-5951C2F10BB2}.Release|Any CPU.Build.0 = Release|Any CPU
		{111FEA1E-5269-43C6-9BFA-5951C2F10BB2}.Release|Any CPU.Deploy.0 = Release|Any CPU
		{CF236E8F-7C39-4C17-BEBC-BDDE8D503284}.Debug|Any CPU.ActiveCfg = Debug|Any CPU
		{CF236E8F-7C39-4C17-BEBC-BDDE8D503284}.Debug|Any CPU.Build.0 = Debug|Any CPU
		{CF236E8F-7C39-4C17-BEBC-BDDE8D503284}.Debug|Any CPU.Deploy.0 = Debug|Any CPU
		{CF236E8F-7C39-4C17-BEBC-BDDE8D503284}.Release|Any CPU.ActiveCfg = Release|Any CPU
		{CF236E8F-7C39-4C17-BEBC-BDDE8D503284}.Release|Any CPU.Build.0 = Release|Any CPU
		{CF236E8F-7C39-4C17-BEBC-BDDE8D503284}.Release|Any CPU.Deploy.0 = Release|Any CPU
		{9F46BBE7-950A-4138-BF4F-8550277ED2CF}.Debug|Any CPU.ActiveCfg = Debug|Any CPU
		{9F46BBE7-950A-4138-BF4F-8550277ED2CF}.Debug|Any CPU.Build.0 = Debug|Any CPU
		{9F46BBE7-950A-4138-BF4F-8550277ED2CF}.Debug|Any CPU.Deploy.0 = Debug|Any CPU
		{9F46BBE7-950A-4138-BF4F-8550277ED2CF}.Release|Any CPU.ActiveCfg = Release|Any CPU
		{9F46BBE7-950A-4138-BF4F-8550277ED2CF}.Release|Any CPU.Build.0 = Release|Any CPU
		{9F46BBE7-950A-4138-BF4F-8550277ED2CF}.Release|Any CPU.Deploy.0 = Release|Any CPU
		{75259A4F-C624-4A14-9E54-CB4FEE12CC87}.Debug|Any CPU.ActiveCfg = Debug|Any CPU
		{75259A4F-C624-4A14-9E54-CB4FEE12CC87}.Debug|Any CPU.Build.0 = Debug|Any CPU
		{75259A4F-C624-4A14-9E54-CB4FEE12CC87}.Debug|Any CPU.Deploy.0 = Debug|Any CPU
		{75259A4F-C624-4A14-9E54-CB4FEE12CC87}.Release|Any CPU.ActiveCfg = Release|Any CPU
		{75259A4F-C624-4A14-9E54-CB4FEE12CC87}.Release|Any CPU.Build.0 = Release|Any CPU
		{75259A4F-C624-4A14-9E54-CB4FEE12CC87}.Release|Any CPU.Deploy.0 = Release|Any CPU
	EndGlobalSection
	GlobalSection(SolutionProperties) = preSolution
		HideSolutionNode = FALSE
	EndGlobalSection
	GlobalSection(NestedProjects) = preSolution
		{6740B215-DD7E-4C61-9106-BF6F7DC43647} = {CDC98B99-42CA-4BB7-B8CD-A0EE7585BBDD}
		{2F5ACEA8-02DB-4DEB-AB53-04E866A5256E} = {CDC98B99-42CA-4BB7-B8CD-A0EE7585BBDD}
		{156CD2B3-F0AC-4787-8545-EF14D0CBC50C} = {CDC98B99-42CA-4BB7-B8CD-A0EE7585BBDD}
		{111FEA1E-5269-43C6-9BFA-5951C2F10BB2} = {CDC98B99-42CA-4BB7-B8CD-A0EE7585BBDD}
		{CF236E8F-7C39-4C17-BEBC-BDDE8D503284} = {CDC98B99-42CA-4BB7-B8CD-A0EE7585BBDD}
		{9F46BBE7-950A-4138-BF4F-8550277ED2CF} = {CDC98B99-42CA-4BB7-B8CD-A0EE7585BBDD}
		{75259A4F-C624-4A14-9E54-CB4FEE12CC87} = {CDC98B99-42CA-4BB7-B8CD-A0EE7585BBDD}
	EndGlobalSection
EndGlobal
